
Microsoft Visual Studio Solution File, Format Version 12.00
# Visual Studio Version 17
VisualStudioVersion = 17.14.36221.1 d17.14
MinimumVisualStudioVersion = 10.0.40219.1
Project("{FAE04EC0-301F-11D3-BF4B-00C04F79EFBC}") = "PRACTICALS", "PRACTICALS.csproj", "{257E0F0A-AA6B-423E-A764-F94B926D6E6A}"
EndProject
Global
	GlobalSection(SolutionConfigurationPlatforms) = preSolution
		Debug|Any CPU = Debug|Any CPU
		Release|Any CPU = Release|Any CPU
	EndGlobalSection
	GlobalSection(ProjectConfigurationPlatforms) = postSolution
		{257E0F0A-AA6B-423E-A764-F94B926D6E6A}.Debug|Any CPU.ActiveCfg = Debug|Any CPU
		{257E0F0A-AA6B-423E-A764-F94B926D6E6A}.Debug|Any CPU.Build.0 = Debug|Any CPU
		{257E0F0A-AA6B-423E-A764-F94B926D6E6A}.Release|Any CPU.ActiveCfg = Release|Any CPU
		{257E0F0A-AA6B-423E-A764-F94B926D6E6A}.Release|Any CPU.Build.0 = Release|Any CPU
	EndGlobalSection
	GlobalSection(SolutionProperties) = preSolution
		HideSolutionNode = FALSE
	EndGlobalSection
	GlobalSection(ExtensibilityGlobals) = postSolution
		SolutionGuid = {16E72386-E7BF-4F26-ABA4-6CF73ADBC107}
	EndGlobalSection
EndGlobal
